// !$*UTF8*$!
{
	archiveVersion = 1;
	classes = {
	};
	objectVersion = 56;
	objects = {

/* Begin PBXBuildFile section */
		690538522BA83EBD002DDD0A /* APIService.swift in Sources */ = {isa = PBXBuildFile; fileRef = 690538512BA83EBD002DDD0A /* APIService.swift */; };
		690538552BA83FD1002DDD0A /* BitcoinCurrency.swift in Sources */ = {isa = PBXBuildFile; fileRef = 690538542BA83FD1002DDD0A /* BitcoinCurrency.swift */; };
		690538582BA8474F002DDD0A /* AppCoordinator.swift in Sources */ = {isa = PBXBuildFile; fileRef = 690538572BA8474F002DDD0A /* AppCoordinator.swift */; };
		6905385B2BA848AB002DDD0A /* HomePresenter.swift in Sources */ = {isa = PBXBuildFile; fileRef = 6905385A2BA848AB002DDD0A /* HomePresenter.swift */; };
		6905385F2BA86377002DDD0A /* Date+Extensions.swift in Sources */ = {isa = PBXBuildFile; fileRef = 6905385E2BA86377002DDD0A /* Date+Extensions.swift */; };
		690538612BA86F3B002DDD0A /* StorageManager.swift in Sources */ = {isa = PBXBuildFile; fileRef = 690538602BA86F3B002DDD0A /* StorageManager.swift */; };
		690538632BA89A8F002DDD0A /* TransactionCell.swift in Sources */ = {isa = PBXBuildFile; fileRef = 690538622BA89A8F002DDD0A /* TransactionCell.swift */; };
		696A44882BA71D5700A7FE74 /* AppDelegate.swift in Sources */ = {isa = PBXBuildFile; fileRef = 696A44872BA71D5700A7FE74 /* AppDelegate.swift */; };
		696A448A2BA71D5700A7FE74 /* SceneDelegate.swift in Sources */ = {isa = PBXBuildFile; fileRef = 696A44892BA71D5700A7FE74 /* SceneDelegate.swift */; };
		696A448C2BA71D5700A7FE74 /* HomeViewController.swift in Sources */ = {isa = PBXBuildFile; fileRef = 696A448B2BA71D5700A7FE74 /* HomeViewController.swift */; };
		696A44922BA71D5700A7FE74 /* ExpenseTrackerOBRIO.xcdatamodeld in Sources */ = {isa = PBXBuildFile; fileRef = 696A44902BA71D5700A7FE74 /* ExpenseTrackerOBRIO.xcdatamodeld */; };
		696A44942BA71D5800A7FE74 /* Assets.xcassets in Resources */ = {isa = PBXBuildFile; fileRef = 696A44932BA71D5800A7FE74 /* Assets.xcassets */; };
		696A44972BA71D5800A7FE74 /* Base in Resources */ = {isa = PBXBuildFile; fileRef = 696A44962BA71D5800A7FE74 /* Base */; };
/* End PBXBuildFile section */

/* Begin PBXFileReference section */
		690538512BA83EBD002DDD0A /* APIService.swift */ = {isa = PBXFileReference; lastKnownFileType = sourcecode.swift; path = APIService.swift; sourceTree = "<group>"; };
		690538542BA83FD1002DDD0A /* BitcoinCurrency.swift */ = {isa = PBXFileReference; lastKnownFileType = sourcecode.swift; path = BitcoinCurrency.swift; sourceTree = "<group>"; };
		690538572BA8474F002DDD0A /* AppCoordinator.swift */ = {isa = PBXFileReference; lastKnownFileType = sourcecode.swift; path = AppCoordinator.swift; sourceTree = "<group>"; };
		6905385A2BA848AB002DDD0A /* HomePresenter.swift */ = {isa = PBXFileReference; lastKnownFileType = sourcecode.swift; path = HomePresenter.swift; sourceTree = "<group>"; };
		6905385E2BA86377002DDD0A /* Date+Extensions.swift */ = {isa = PBXFileReference; lastKnownFileType = sourcecode.swift; path = "Date+Extensions.swift"; sourceTree = "<group>"; };
		690538602BA86F3B002DDD0A /* StorageManager.swift */ = {isa = PBXFileReference; lastKnownFileType = sourcecode.swift; path = StorageManager.swift; sourceTree = "<group>"; };
		690538622BA89A8F002DDD0A /* TransactionCell.swift */ = {isa = PBXFileReference; lastKnownFileType = sourcecode.swift; path = TransactionCell.swift; sourceTree = "<group>"; };
		696A44842BA71D5700A7FE74 /* ExpenseTrackerOBRIO.app */ = {isa = PBXFileReference; explicitFileType = wrapper.application; includeInIndex = 0; path = ExpenseTrackerOBRIO.app; sourceTree = BUILT_PRODUCTS_DIR; };
		696A44872BA71D5700A7FE74 /* AppDelegate.swift */ = {isa = PBXFileReference; lastKnownFileType = sourcecode.swift; path = AppDelegate.swift; sourceTree = "<group>"; };
		696A44892BA71D5700A7FE74 /* SceneDelegate.swift */ = {isa = PBXFileReference; lastKnownFileType = sourcecode.swift; path = SceneDelegate.swift; sourceTree = "<group>"; };
		696A448B2BA71D5700A7FE74 /* HomeViewController.swift */ = {isa = PBXFileReference; lastKnownFileType = sourcecode.swift; path = HomeViewController.swift; sourceTree = "<group>"; };
		696A44912BA71D5700A7FE74 /* ExpenseTrackerOBRIO.xcdatamodel */ = {isa = PBXFileReference; lastKnownFileType = wrapper.xcdatamodel; path = ExpenseTrackerOBRIO.xcdatamodel; sourceTree = "<group>"; };
		696A44932BA71D5800A7FE74 /* Assets.xcassets */ = {isa = PBXFileReference; lastKnownFileType = folder.assetcatalog; path = Assets.xcassets; sourceTree = "<group>"; };
		696A44962BA71D5800A7FE74 /* Base */ = {isa = PBXFileReference; lastKnownFileType = file.storyboard; name = Base; path = Base.lproj/LaunchScreen.storyboard; sourceTree = "<group>"; };
		696A44982BA71D5800A7FE74 /* Info.plist */ = {isa = PBXFileReference; lastKnownFileType = text.plist.xml; path = Info.plist; sourceTree = "<group>"; };
/* End PBXFileReference section */

/* Begin PBXFrameworksBuildPhase section */
		696A44812BA71D5700A7FE74 /* Frameworks */ = {
			isa = PBXFrameworksBuildPhase;
			buildActionMask = 2147483647;
			files = (
			);
			runOnlyForDeploymentPostprocessing = 0;
		};
/* End PBXFrameworksBuildPhase section */

/* Begin PBXGroup section */
		690538502BA83EAF002DDD0A /* Services */ = {
			isa = PBXGroup;
			children = (
				690538512BA83EBD002DDD0A /* APIService.swift */,
				690538602BA86F3B002DDD0A /* StorageManager.swift */,
			);
			path = Services;
			sourceTree = "<group>";
		};
		690538532BA83FBF002DDD0A /* Models */ = {
			isa = PBXGroup;
			children = (
				690538542BA83FD1002DDD0A /* BitcoinCurrency.swift */,
			);
			path = Models;
			sourceTree = "<group>";
		};
		690538562BA8473B002DDD0A /* Coordinators */ = {
			isa = PBXGroup;
			children = (
				690538572BA8474F002DDD0A /* AppCoordinator.swift */,
			);
			path = Coordinators;
			sourceTree = "<group>";
		};
		690538592BA84885002DDD0A /* Presenters */ = {
			isa = PBXGroup;
			children = (
				6905385A2BA848AB002DDD0A /* HomePresenter.swift */,
			);
			path = Presenters;
			sourceTree = "<group>";
		};
		6905385C2BA84900002DDD0A /* Views */ = {
			isa = PBXGroup;
			children = (
				696A448B2BA71D5700A7FE74 /* HomeViewController.swift */,
				690538622BA89A8F002DDD0A /* TransactionCell.swift */,
			);
			path = Views;
			sourceTree = "<group>";
		};
		6905385D2BA86366002DDD0A /* Helpers */ = {
			isa = PBXGroup;
			children = (
				6905385E2BA86377002DDD0A /* Date+Extensions.swift */,
			);
			path = Helpers;
			sourceTree = "<group>";
		};
		696A447B2BA71D5700A7FE74 = {
			isa = PBXGroup;
			children = (
				696A44862BA71D5700A7FE74 /* ExpenseTrackerOBRIO */,
				696A44852BA71D5700A7FE74 /* Products */,
			);
			sourceTree = "<group>";
		};
		696A44852BA71D5700A7FE74 /* Products */ = {
			isa = PBXGroup;
			children = (
				696A44842BA71D5700A7FE74 /* ExpenseTrackerOBRIO.app */,
			);
			name = Products;
			sourceTree = "<group>";
		};
		696A44862BA71D5700A7FE74 /* ExpenseTrackerOBRIO */ = {
			isa = PBXGroup;
			children = (
				696A44872BA71D5700A7FE74 /* AppDelegate.swift */,
				696A44892BA71D5700A7FE74 /* SceneDelegate.swift */,
				6905385D2BA86366002DDD0A /* Helpers */,
				690538592BA84885002DDD0A /* Presenters */,
				690538562BA8473B002DDD0A /* Coordinators */,
				690538532BA83FBF002DDD0A /* Models */,
				690538502BA83EAF002DDD0A /* Services */,
				6905385C2BA84900002DDD0A /* Views */,
				696A44932BA71D5800A7FE74 /* Assets.xcassets */,
				696A44952BA71D5800A7FE74 /* LaunchScreen.storyboard */,
				696A44982BA71D5800A7FE74 /* Info.plist */,
				696A44902BA71D5700A7FE74 /* ExpenseTrackerOBRIO.xcdatamodeld */,
			);
			path = ExpenseTrackerOBRIO;
			sourceTree = "<group>";
		};
/* End PBXGroup section */

/* Begin PBXNativeTarget section */
		696A44832BA71D5700A7FE74 /* ExpenseTrackerOBRIO */ = {
			isa = PBXNativeTarget;
			buildConfigurationList = 696A449B2BA71D5800A7FE74 /* Build configuration list for PBXNativeTarget "ExpenseTrackerOBRIO" */;
			buildPhases = (
				696A44802BA71D5700A7FE74 /* Sources */,
				696A44812BA71D5700A7FE74 /* Frameworks */,
				696A44822BA71D5700A7FE74 /* Resources */,
			);
			buildRules = (
			);
			dependencies = (
			);
			name = ExpenseTrackerOBRIO;
			productName = ExpenseTrackerOBRIO;
			productReference = 696A44842BA71D5700A7FE74 /* ExpenseTrackerOBRIO.app */;
			productType = "com.apple.product-type.application";
		};
/* End PBXNativeTarget section */

/* Begin PBXProject section */
		696A447C2BA71D5700A7FE74 /* Project object */ = {
			isa = PBXProject;
			attributes = {
				BuildIndependentTargetsInParallel = 1;
				LastSwiftUpdateCheck = 1530;
				LastUpgradeCheck = 1530;
				TargetAttributes = {
					696A44832BA71D5700A7FE74 = {
						CreatedOnToolsVersion = 15.3;
					};
				};
			};
			buildConfigurationList = 696A447F2BA71D5700A7FE74 /* Build configuration list for PBXProject "ExpenseTrackerOBRIO" */;
			compatibilityVersion = "Xcode 14.0";
			developmentRegion = en;
			hasScannedForEncodings = 0;
			knownRegions = (
				en,
				Base,
			);
			mainGroup = 696A447B2BA71D5700A7FE74;
			productRefGroup = 696A44852BA71D5700A7FE74 /* Products */;
			projectDirPath = "";
			projectRoot = "";
			targets = (
				696A44832BA71D5700A7FE74 /* ExpenseTrackerOBRIO */,
			);
		};
/* End PBXProject section */

/* Begin PBXResourcesBuildPhase section */
		696A44822BA71D5700A7FE74 /* Resources */ = {
			isa = PBXResourcesBuildPhase;
			buildActionMask = 2147483647;
			files = (
				696A44942BA71D5800A7FE74 /* Assets.xcassets in Resources */,
				696A44972BA71D5800A7FE74 /* Base in Resources */,
			);
			runOnlyForDeploymentPostprocessing = 0;
		};
/* End PBXResourcesBuildPhase section */

/* Begin PBXSourcesBuildPhase section */
		696A44802BA71D5700A7FE74 /* Sources */ = {
			isa = PBXSourcesBuildPhase;
			buildActionMask = 2147483647;
			files = (
				696A448C2BA71D5700A7FE74 /* HomeViewController.swift in Sources */,
				690538632BA89A8F002DDD0A /* TransactionCell.swift in Sources */,
				690538522BA83EBD002DDD0A /* APIService.swift in Sources */,
				6905385F2BA86377002DDD0A /* Date+Extensions.swift in Sources */,
				696A44882BA71D5700A7FE74 /* AppDelegate.swift in Sources */,
				690538552BA83FD1002DDD0A /* BitcoinCurrency.swift in Sources */,
				696A44922BA71D5700A7FE74 /* ExpenseTrackerOBRIO.xcdatamodeld in Sources */,
				696A448A2BA71D5700A7FE74 /* SceneDelegate.swift in Sources */,
				690538612BA86F3B002DDD0A /* StorageManager.swift in Sources */,
				690538582BA8474F002DDD0A /* AppCoordinator.swift in Sources */,
				6905385B2BA848AB002DDD0A /* HomePresenter.swift in Sources */,
			);
			runOnlyForDeploymentPostprocessing = 0;
		};
/* End PBXSourcesBuildPhase section */

/* Begin PBXVariantGroup section */
		696A44952BA71D5800A7FE74 /* LaunchScreen.storyboard */ = {
			isa = PBXVariantGroup;
			children = (
				696A44962BA71D5800A7FE74 /* Base */,
			);
			name = LaunchScreen.storyboard;
			sourceTree = "<group>";
		};
/* End PBXVariantGroup section */

/* Begin XCBuildConfiguration section */
		696A44992BA71D5800A7FE74 /* Debug */ = {
			isa = XCBuildConfiguration;
			buildSettings = {
				ALWAYS_SEARCH_USER_PATHS = NO;
				ASSETCATALOG_COMPILER_GENERATE_SWIFT_ASSET_SYMBOL_EXTENSIONS = YES;
				CLANG_ANALYZER_NONNULL = YES;
				CLANG_ANALYZER_NUMBER_OBJECT_CONVERSION = YES_AGGRESSIVE;
				CLANG_CXX_LANGUAGE_STANDARD = "gnu++20";
				CLANG_ENABLE_MODULES = YES;
				CLANG_ENABLE_OBJC_ARC = YES;
				CLANG_ENABLE_OBJC_WEAK = YES;
				CLANG_WARN_BLOCK_CAPTURE_AUTORELEASING = YES;
				CLANG_WARN_BOOL_CONVERSION = YES;
				CLANG_WARN_COMMA = YES;
				CLANG_WARN_CONSTANT_CONVERSION = YES;
				CLANG_WARN_DEPRECATED_OBJC_IMPLEMENTATIONS = YES;
				CLANG_WARN_DIRECT_OBJC_ISA_USAGE = YES_ERROR;
				CLANG_WARN_DOCUMENTATION_COMMENTS = YES;
				CLANG_WARN_EMPTY_BODY = YES;
				CLANG_WARN_ENUM_CONVERSION = YES;
				CLANG_WARN_INFINITE_RECURSION = YES;
				CLANG_WARN_INT_CONVERSION = YES;
				CLANG_WARN_NON_LITERAL_NULL_CONVERSION = YES;
				CLANG_WARN_OBJC_IMPLICIT_RETAIN_SELF = YES;
				CLANG_WARN_OBJC_LITERAL_CONVERSION = YES;
				CLANG_WARN_OBJC_ROOT_CLASS = YES_ERROR;
				CLANG_WARN_QUOTED_INCLUDE_IN_FRAMEWORK_HEADER = YES;
				CLANG_WARN_RANGE_LOOP_ANALYSIS = YES;
				CLANG_WARN_STRICT_PROTOTYPES = YES;
				CLANG_WARN_SUSPICIOUS_MOVE = YES;
				CLANG_WARN_UNGUARDED_AVAILABILITY = YES_AGGRESSIVE;
				CLANG_WARN_UNREACHABLE_CODE = YES;
				CLANG_WARN__DUPLICATE_METHOD_MATCH = YES;
				COPY_PHASE_STRIP = NO;
				DEBUG_INFORMATION_FORMAT = dwarf;
				ENABLE_STRICT_OBJC_MSGSEND = YES;
				ENABLE_TESTABILITY = YES;
				ENABLE_USER_SCRIPT_SANDBOXING = YES;
				GCC_C_LANGUAGE_STANDARD = gnu17;
				GCC_DYNAMIC_NO_PIC = NO;
				GCC_NO_COMMON_BLOCKS = YES;
				GCC_OPTIMIZATION_LEVEL = 0;
				GCC_PREPROCESSOR_DEFINITIONS = (
					"DEBUG=1",
					"$(inherited)",
				);
				GCC_WARN_64_TO_32_BIT_CONVERSION = YES;
				GCC_WARN_ABOUT_RETURN_TYPE = YES_ERROR;
				GCC_WARN_UNDECLARED_SELECTOR = YES;
				GCC_WARN_UNINITIALIZED_AUTOS = YES_AGGRESSIVE;
				GCC_WARN_UNUSED_FUNCTION = YES;
				GCC_WARN_UNUSED_VARIABLE = YES;
				IPHONEOS_DEPLOYMENT_TARGET = 17.4;
				LOCALIZATION_PREFERS_STRING_CATALOGS = YES;
				MTL_ENABLE_DEBUG_INFO = INCLUDE_SOURCE;
				MTL_FAST_MATH = YES;
				ONLY_ACTIVE_ARCH = YES;
				SDKROOT = iphoneos;
				SWIFT_ACTIVE_COMPILATION_CONDITIONS = "DEBUG $(inherited)";
				SWIFT_OPTIMIZATION_LEVEL = "-Onone";
			};
			name = Debug;
		};
		696A449A2BA71D5800A7FE74 /* Release */ = {
			isa = XCBuildConfiguration;
			buildSettings = {
				ALWAYS_SEARCH_USER_PATHS = NO;
				ASSETCATALOG_COMPILER_GENERATE_SWIFT_ASSET_SYMBOL_EXTENSIONS = YES;
				CLANG_ANALYZER_NONNULL = YES;
				CLANG_ANALYZER_NUMBER_OBJECT_CONVERSION = YES_AGGRESSIVE;
				CLANG_CXX_LANGUAGE_STANDARD = "gnu++20";
				CLANG_ENABLE_MODULES = YES;
				CLANG_ENABLE_OBJC_ARC = YES;
				CLANG_ENABLE_OBJC_WEAK = YES;
				CLANG_WARN_BLOCK_CAPTURE_AUTORELEASING = YES;
				CLANG_WARN_BOOL_CONVERSION = YES;
				CLANG_WARN_COMMA = YES;
				CLANG_WARN_CONSTANT_CONVERSION = YES;
				CLANG_WARN_DEPRECATED_OBJC_IMPLEMENTATIONS = YES;
				CLANG_WARN_DIRECT_OBJC_ISA_USAGE = YES_ERROR;
				CLANG_WARN_DOCUMENTATION_COMMENTS = YES;
				CLANG_WARN_EMPTY_BODY = YES;
				CLANG_WARN_ENUM_CONVERSION = YES;
				CLANG_WARN_INFINITE_RECURSION = YES;
				CLANG_WARN_INT_CONVERSION = YES;
				CLANG_WARN_NON_LITERAL_NULL_CONVERSION = YES;
				CLANG_WARN_OBJC_IMPLICIT_RETAIN_SELF = YES;
				CLANG_WARN_OBJC_LITERAL_CONVERSION = YES;
				CLANG_WARN_OBJC_ROOT_CLASS = YES_ERROR;
				CLANG_WARN_QUOTED_INCLUDE_IN_FRAMEWORK_HEADER = YES;
				CLANG_WARN_RANGE_LOOP_ANALYSIS = YES;
				CLANG_WARN_STRICT_PROTOTYPES = YES;
				CLANG_WARN_SUSPICIOUS_MOVE = YES;
				CLANG_WARN_UNGUARDED_AVAILABILITY = YES_AGGRESSIVE;
				CLANG_WARN_UNREACHABLE_CODE = YES;
				CLANG_WARN__DUPLICATE_METHOD_MATCH = YES;
				COPY_PHASE_STRIP = NO;
				DEBUG_INFORMATION_FORMAT = "dwarf-with-dsym";
				ENABLE_NS_ASSERTIONS = NO;
				ENABLE_STRICT_OBJC_MSGSEND = YES;
				ENABLE_USER_SCRIPT_SANDBOXING = YES;
				GCC_C_LANGUAGE_STANDARD = gnu17;
				GCC_NO_COMMON_BLOCKS = YES;
				GCC_WARN_64_TO_32_BIT_CONVERSION = YES;
				GCC_WARN_ABOUT_RETURN_TYPE = YES_ERROR;
				GCC_WARN_UNDECLARED_SELECTOR = YES;
				GCC_WARN_UNINITIALIZED_AUTOS = YES_AGGRESSIVE;
				GCC_WARN_UNUSED_FUNCTION = YES;
				GCC_WARN_UNUSED_VARIABLE = YES;
				IPHONEOS_DEPLOYMENT_TARGET = 17.4;
				LOCALIZATION_PREFERS_STRING_CATALOGS = YES;
				MTL_ENABLE_DEBUG_INFO = NO;
				MTL_FAST_MATH = YES;
				SDKROOT = iphoneos;
				SWIFT_COMPILATION_MODE = wholemodule;
				VALIDATE_PRODUCT = YES;
			};
			name = Release;
		};
		696A449C2BA71D5800A7FE74 /* Debug */ = {
			isa = XCBuildConfiguration;
			buildSettings = {
				ASSETCATALOG_COMPILER_APPICON_NAME = AppIcon;
				ASSETCATALOG_COMPILER_GLOBAL_ACCENT_COLOR_NAME = AccentColor;
				CODE_SIGN_STYLE = Automatic;
				CURRENT_PROJECT_VERSION = 1;
				DEVELOPMENT_TEAM = XW6RCVN72V;
				GENERATE_INFOPLIST_FILE = YES;
				INFOPLIST_FILE = ExpenseTrackerOBRIO/Info.plist;
				INFOPLIST_KEY_UIApplicationSupportsIndirectInputEvents = YES;
				INFOPLIST_KEY_UILaunchStoryboardName = LaunchScreen;
				INFOPLIST_KEY_UISupportedInterfaceOrientations_iPad = "UIInterfaceOrientationPortrait UIInterfaceOrientationPortraitUpsideDown UIInterfaceOrientationLandscapeLeft UIInterfaceOrientationLandscapeRight";
				INFOPLIST_KEY_UISupportedInterfaceOrientations_iPhone = "UIInterfaceOrientationPortrait UIInterfaceOrientationLandscapeLeft UIInterfaceOrientationLandscapeRight";
				IPHONEOS_DEPLOYMENT_TARGET = 15.0;
				LD_RUNPATH_SEARCH_PATHS = (
					"$(inherited)",
					"@executable_path/Frameworks",
				);
				MARKETING_VERSION = 1.0;
				PRODUCT_BUNDLE_IDENTIFIER = com.ellias.ExpenseTrackerOBRIO;
				PRODUCT_NAME = "$(TARGET_NAME)";
				SUPPORTED_PLATFORMS = "iphoneos iphonesimulator";
				SUPPORTS_MACCATALYST = NO;
				SUPPORTS_MAC_DESIGNED_FOR_IPHONE_IPAD = NO;
				SUPPORTS_XR_DESIGNED_FOR_IPHONE_IPAD = NO;
				SWIFT_EMIT_LOC_STRINGS = YES;
				SWIFT_VERSION = 5.0;
				TARGETED_DEVICE_FAMILY = "1,2";
			};
			name = Debug;
		};
		696A449D2BA71D5800A7FE74 /* Release */ = {
			isa = XCBuildConfiguration;
			buildSettings = {
				ASSETCATALOG_COMPILER_APPICON_NAME = AppIcon;
				ASSETCATALOG_COMPILER_GLOBAL_ACCENT_COLOR_NAME = AccentColor;
				CODE_SIGN_STYLE = Automatic;
				CURRENT_PROJECT_VERSION = 1;
				DEVELOPMENT_TEAM = XW6RCVN72V;
				GENERATE_INFOPLIST_FILE = YES;
				INFOPLIST_FILE = ExpenseTrackerOBRIO/Info.plist;
				INFOPLIST_KEY_UIApplicationSupportsIndirectInputEvents = YES;
				INFOPLIST_KEY_UILaunchStoryboardName = LaunchScreen;
				INFOPLIST_KEY_UISupportedInterfaceOrientations_iPad = "UIInterfaceOrientationPortrait UIInterfaceOrientationPortraitUpsideDown UIInterfaceOrientationLandscapeLeft UIInterfaceOrientationLandscapeRight";
				INFOPLIST_KEY_UISupportedInterfaceOrientations_iPhone = "UIInterfaceOrientationPortrait UIInterfaceOrientationLandscapeLeft UIInterfaceOrientationLandscapeRight";
				IPHONEOS_DEPLOYMENT_TARGET = 15.0;
				LD_RUNPATH_SEARCH_PATHS = (
					"$(inherited)",
					"@executable_path/Frameworks",
				);
				MARKETING_VERSION = 1.0;
				PRODUCT_BUNDLE_IDENTIFIER = com.ellias.ExpenseTrackerOBRIO;
				PRODUCT_NAME = "$(TARGET_NAME)";
				SUPPORTED_PLATFORMS = "iphoneos iphonesimulator";
				SUPPORTS_MACCATALYST = NO;
				SUPPORTS_MAC_DESIGNED_FOR_IPHONE_IPAD = NO;
				SUPPORTS_XR_DESIGNED_FOR_IPHONE_IPAD = NO;
				SWIFT_EMIT_LOC_STRINGS = YES;
				SWIFT_VERSION = 5.0;
				TARGETED_DEVICE_FAMILY = "1,2";
			};
			name = Release;
		};
/* End XCBuildConfiguration section */

/* Begin XCConfigurationList section */
		696A447F2BA71D5700A7FE74 /* Build configuration list for PBXProject "ExpenseTrackerOBRIO" */ = {
			isa = XCConfigurationList;
			buildConfigurations = (
				696A44992BA71D5800A7FE74 /* Debug */,
				696A449A2BA71D5800A7FE74 /* Release */,
			);
			defaultConfigurationIsVisible = 0;
			defaultConfigurationName = Release;
		};
		696A449B2BA71D5800A7FE74 /* Build configuration list for PBXNativeTarget "ExpenseTrackerOBRIO" */ = {
			isa = XCConfigurationList;
			buildConfigurations = (
				696A449C2BA71D5800A7FE74 /* Debug */,
				696A449D2BA71D5800A7FE74 /* Release */,
			);
			defaultConfigurationIsVisible = 0;
			defaultConfigurationName = Release;
		};
/* End XCConfigurationList section */

/* Begin XCVersionGroup section */
		696A44902BA71D5700A7FE74 /* ExpenseTrackerOBRIO.xcdatamodeld */ = {
			isa = XCVersionGroup;
			children = (
				696A44912BA71D5700A7FE74 /* ExpenseTrackerOBRIO.xcdatamodel */,
			);
			currentVersion = 696A44912BA71D5700A7FE74 /* ExpenseTrackerOBRIO.xcdatamodel */;
			path = ExpenseTrackerOBRIO.xcdatamodeld;
			sourceTree = "<group>";
			versionGroupType = wrapper.xcdatamodel;
		};
/* End XCVersionGroup section */
	};
	rootObject = 696A447C2BA71D5700A7FE74 /* Project object */;
}
